
Microsoft Visual Studio Solution File, Format Version 12.00
# Visual Studio Version 17
VisualStudioVersion = 17.9.34622.214
MinimumVisualStudioVersion = 10.0.40219.1
Project("{FAE04EC0-301F-11D3-BF4B-00C04F79EFBC}") = "Oop2", "Oop2\Oop2.csproj", "{FD207D11-2DA6-4EAE-96AE-55E1DAE8B6F4}"
EndProject
Global
	GlobalSection(SolutionConfigurationPlatforms) = preSolution
		Debug|Any CPU = Debug|Any CPU
		Release|Any CPU = Release|Any CPU
	EndGlobalSection
	GlobalSection(ProjectConfigurationPlatforms) = postSolution
		{FD207D11-2DA6-4EAE-96AE-55E1DAE8B6F4}.Debug|Any CPU.ActiveCfg = Debug|Any CPU
		{FD207D11-2DA6-4EAE-96AE-55E1DAE8B6F4}.Debug|Any CPU.Build.0 = Debug|Any CPU
		{FD207D11-2DA6-4EAE-96AE-55E1DAE8B6F4}.Release|Any CPU.ActiveCfg = Release|Any CPU
		{FD207D11-2DA6-4EAE-96AE-55E1DAE8B6F4}.Release|Any CPU.Build.0 = Release|Any CPU
	EndGlobalSection
	GlobalSection(SolutionProperties) = preSolution
		HideSolutionNode = FALSE
	EndGlobalSection
	GlobalSection(ExtensibilityGlobals) = postSolution
		SolutionGuid = {CF32C6A4-1491-400F-9837-75492B4F1961}
	EndGlobalSection
EndGlobal
